// !$*UTF8*$!
{
	archiveVersion = 1;
	classes = {
	};
	objectVersion = 77;
	objects = {

/* Begin PBXBuildFile section */
		0A3423E9F827358B336CC83C /* SettingsView.swift in Sources */ = {isa = PBXBuildFile; fileRef = 629460C28D0C6229AD9B8A77 /* SettingsView.swift */; };
		0EB9A2E904991C2B0B8A494D /* DeviceListView.swift in Sources */ = {isa = PBXBuildFile; fileRef = 8205B48F70FBA33D5B866E0A /* DeviceListView.swift */; };
		1661B437AAF84FFEF50D0F0F /* UDPService.swift in Sources */ = {isa = PBXBuildFile; fileRef = 06894EC7E08FEBCA25A47CF8 /* UDPService.swift */; };
		187E9661080DC03ED9C3A79E /* NetworkUtils.swift in Sources */ = {isa = PBXBuildFile; fileRef = 668598E9B18994417A046921 /* NetworkUtils.swift */; };
		1A9678A45D5F765DC552547B /* GRDB in Frameworks */ = {isa = PBXBuildFile; productRef = A0A5D6AFD3758591D88D2645 /* GRDB */; };
		1DDB8261FF972349AC73A68E /* PacketBuilder.swift in Sources */ = {isa = PBXBuildFile; fileRef = 77691663B72CCA976D9F6895 /* PacketBuilder.swift */; };
		2AC646F9D6E462D6078AE87E /* ChatBubbleView.swift in Sources */ = {isa = PBXBuildFile; fileRef = B9107A2B1885B865F1B3EE7C /* ChatBubbleView.swift */; };
		2B133A1FC9B86685E1511266 /* Localization.swift in Sources */ = {isa = PBXBuildFile; fileRef = 363D6A8D377516D1EA540A63 /* Localization.swift */; };
		32F6D44E8415557AC3559DB6 /* GRDB in Frameworks */ = {isa = PBXBuildFile; productRef = ACEC37A04C85128CBDA8E52F /* GRDB */; };
		33BD4F09791F78975A01D5EF /* DeviceListView.swift in Sources */ = {isa = PBXBuildFile; fileRef = 8205B48F70FBA33D5B866E0A /* DeviceListView.swift */; };
		33D17135F06F0AE213622912 /* ContentView.swift in Sources */ = {isa = PBXBuildFile; fileRef = 05883D4D3695ABFDE52C3720 /* ContentView.swift */; };
		39409FDC66B26F87E9ACF544 /* DiscoveryManager.swift in Sources */ = {isa = PBXBuildFile; fileRef = E36AA793F17CD2A359625588 /* DiscoveryManager.swift */; };
		3A32B4FA3F29073227F37B60 /* PeacockApp.swift in Sources */ = {isa = PBXBuildFile; fileRef = FD629BF5C2B18207B8AF07A9 /* PeacockApp.swift */; };
		3E2ABCC0F6355EB5C7922081 /* SnippetEditorView.swift in Sources */ = {isa = PBXBuildFile; fileRef = C8932115DF64D2A68E0D54C6 /* SnippetEditorView.swift */; };
		3F97B7F7F638CE19A6CFF81D /* PacketHeader.swift in Sources */ = {isa = PBXBuildFile; fileRef = 8BF2C23968B1B152AAB074A4 /* PacketHeader.swift */; };
		442717C32C6416F06BD43446 /* SnippetListView.swift in Sources */ = {isa = PBXBuildFile; fileRef = C3A886D7E15CE345B29F5C88 /* SnippetListView.swift */; };
		48965255F192FB23D25C789E /* Payloads.swift in Sources */ = {isa = PBXBuildFile; fileRef = 841F29D2418FF05C165F9C14 /* Payloads.swift */; };
		545DC5108462B3425C820089 /* Snippet.swift in Sources */ = {isa = PBXBuildFile; fileRef = 0613A836D5234C166CEBDF75 /* Snippet.swift */; };
		5EC3E4D201871DE46FAC53F4 /* SnippetEditorView.swift in Sources */ = {isa = PBXBuildFile; fileRef = C8932115DF64D2A68E0D54C6 /* SnippetEditorView.swift */; };
		64396859B593BC45145BF05A /* Snippet.swift in Sources */ = {isa = PBXBuildFile; fileRef = 0613A836D5234C166CEBDF75 /* Snippet.swift */; };
		6574D2A964E4EED140B425D8 /* ChatView.swift in Sources */ = {isa = PBXBuildFile; fileRef = F63300321FE50BF1056344CB /* ChatView.swift */; };
		6B53A8F6C23ABB34D8E49B4B /* Database.swift in Sources */ = {isa = PBXBuildFile; fileRef = 9A176B3629FC1C230EE12742 /* Database.swift */; };
		6F48834B032EB204307187CB /* FileTransferManager.swift in Sources */ = {isa = PBXBuildFile; fileRef = A71673C4C412926549BB965C /* FileTransferManager.swift */; };
		70EB3EC682DFC815B35CFFEF /* ChatBubbleView.swift in Sources */ = {isa = PBXBuildFile; fileRef = B9107A2B1885B865F1B3EE7C /* ChatBubbleView.swift */; };
		72CACDC0F20FAA2CA73F058F /* DeviceInfo.swift in Sources */ = {isa = PBXBuildFile; fileRef = 8842C5B01B92E82070AEE15B /* DeviceInfo.swift */; };
		77DA7019E56C0BE5F3817BC3 /* PacketType.swift in Sources */ = {isa = PBXBuildFile; fileRef = B34A8A28589CB6F7374CECEE /* PacketType.swift */; };
		8470D46CD7020ECF43056577 /* ChatView.swift in Sources */ = {isa = PBXBuildFile; fileRef = F63300321FE50BF1056344CB /* ChatView.swift */; };
		8559587E45AA946D6FE4E51A /* PacketBuilder.swift in Sources */ = {isa = PBXBuildFile; fileRef = 77691663B72CCA976D9F6895 /* PacketBuilder.swift */; };
		87CF39AF106DC99AA7D15AD3 /* BincodeDecoder.swift in Sources */ = {isa = PBXBuildFile; fileRef = EB6B65A29CA352570041532C /* BincodeDecoder.swift */; };
		88B16A9BBC4E558F6F70B2A3 /* Payloads.swift in Sources */ = {isa = PBXBuildFile; fileRef = 841F29D2418FF05C165F9C14 /* Payloads.swift */; };
		8E10A6A314AE9FF97D6EAF69 /* ChatMessage.swift in Sources */ = {isa = PBXBuildFile; fileRef = 8EB3D4A7C4077A8766CFCF80 /* ChatMessage.swift */; };
		8E1C7F6AAA347E762D2DBC36 /* AppState.swift in Sources */ = {isa = PBXBuildFile; fileRef = 59D8990B04A2E9EED845B810 /* AppState.swift */; };
		8E3EC4B6ED17894F196662F9 /* AppState.swift in Sources */ = {isa = PBXBuildFile; fileRef = 59D8990B04A2E9EED845B810 /* AppState.swift */; };
		8F049ABCD7837EE3CFA8F7FB /* ContentView.swift in Sources */ = {isa = PBXBuildFile; fileRef = 05883D4D3695ABFDE52C3720 /* ContentView.swift */; };
		94F5EDA8C6D508A85D3478A9 /* Theme.swift in Sources */ = {isa = PBXBuildFile; fileRef = 9A1D41E2395B95594D60771E /* Theme.swift */; };
		9714878BC3819470A2824F44 /* BincodeEncoder.swift in Sources */ = {isa = PBXBuildFile; fileRef = 51D03F5A9FB0CCA59ED602B0 /* BincodeEncoder.swift */; };
		975A84D5D3AC25BF44036936 /* SettingsView.swift in Sources */ = {isa = PBXBuildFile; fileRef = 629460C28D0C6229AD9B8A77 /* SettingsView.swift */; };
		9AB224AF0DEBD182130CE58D /* PeacockApp.swift in Sources */ = {isa = PBXBuildFile; fileRef = FD629BF5C2B18207B8AF07A9 /* PeacockApp.swift */; };
		A50C9867B59468D6FDD906D0 /* BincodeEncoder.swift in Sources */ = {isa = PBXBuildFile; fileRef = 51D03F5A9FB0CCA59ED602B0 /* BincodeEncoder.swift */; };
		A7AC23AE637316108A336BAA /* DiscoveryManager.swift in Sources */ = {isa = PBXBuildFile; fileRef = E36AA793F17CD2A359625588 /* DiscoveryManager.swift */; };
		A9D444BE1A894A8CC1EEA845 /* Theme.swift in Sources */ = {isa = PBXBuildFile; fileRef = 9A1D41E2395B95594D60771E /* Theme.swift */; };
		AFB937272ABA55C620F1E1C5 /* Database.swift in Sources */ = {isa = PBXBuildFile; fileRef = 9A176B3629FC1C230EE12742 /* Database.swift */; };
		B23E115E27A088A1FF179DC1 /* ChipTextView.swift in Sources */ = {isa = PBXBuildFile; fileRef = 2031FEBBB29CFD0A42AC6812 /* ChipTextView.swift */; };
		B8C806006120B972E3ED856A /* TransferTask.swift in Sources */ = {isa = PBXBuildFile; fileRef = E386C08E27597D2BB22F77EF /* TransferTask.swift */; };
		B8F55CA00543EC8A280C7F84 /* ChatMessage.swift in Sources */ = {isa = PBXBuildFile; fileRef = 8EB3D4A7C4077A8766CFCF80 /* ChatMessage.swift */; };
		BB9D8E830F69A7E31D9C0236 /* Assets.xcassets in Resources */ = {isa = PBXBuildFile; fileRef = 517516272E856DC7FCF59CE0 /* Assets.xcassets */; };
		BF7008510EB9245FA0F8BF1F /* UDPService.swift in Sources */ = {isa = PBXBuildFile; fileRef = 06894EC7E08FEBCA25A47CF8 /* UDPService.swift */; };
		BF7B868FF9D63421B441AE7F /* FileTransferManager.swift in Sources */ = {isa = PBXBuildFile; fileRef = A71673C4C412926549BB965C /* FileTransferManager.swift */; };
		D64A2B6D3003A09D4534874B /* ChipTextView.swift in Sources */ = {isa = PBXBuildFile; fileRef = 2031FEBBB29CFD0A42AC6812 /* ChipTextView.swift */; };
		D7EB5EEE3C96AB6D240B075A /* BincodeDecoder.swift in Sources */ = {isa = PBXBuildFile; fileRef = EB6B65A29CA352570041532C /* BincodeDecoder.swift */; };
		DA2738EB9BD0A780592FE7AE /* Localization.swift in Sources */ = {isa = PBXBuildFile; fileRef = 363D6A8D377516D1EA540A63 /* Localization.swift */; };
		DED8C6385630A15B6538F42D /* DeviceInfo.swift in Sources */ = {isa = PBXBuildFile; fileRef = 8842C5B01B92E82070AEE15B /* DeviceInfo.swift */; };
		E0A63DAD36794CABBBDA48D4 /* TransferTask.swift in Sources */ = {isa = PBXBuildFile; fileRef = E386C08E27597D2BB22F77EF /* TransferTask.swift */; };
		E62D8F4D512282F42907786C /* Assets.xcassets in Resources */ = {isa = PBXBuildFile; fileRef = 517516272E856DC7FCF59CE0 /* Assets.xcassets */; };
		EA12B394112785D2B1E68B6C /* SnippetListView.swift in Sources */ = {isa = PBXBuildFile; fileRef = C3A886D7E15CE345B29F5C88 /* SnippetListView.swift */; };
		EBA5882408AC08D7E3A9FB54 /* NetworkUtils.swift in Sources */ = {isa = PBXBuildFile; fileRef = 668598E9B18994417A046921 /* NetworkUtils.swift */; };
		EBA6B20A76FE49111469D7A7 /* PacketHeader.swift in Sources */ = {isa = PBXBuildFile; fileRef = 8BF2C23968B1B152AAB074A4 /* PacketHeader.swift */; };
		F598777C98680CD91814993E /* PacketType.swift in Sources */ = {isa = PBXBuildFile; fileRef = B34A8A28589CB6F7374CECEE /* PacketType.swift */; };
/* End PBXBuildFile section */

/* Begin PBXFileReference section */
		05883D4D3695ABFDE52C3720 /* ContentView.swift */ = {isa = PBXFileReference; lastKnownFileType = sourcecode.swift; path = ContentView.swift; sourceTree = "<group>"; };
		0613A836D5234C166CEBDF75 /* Snippet.swift */ = {isa = PBXFileReference; lastKnownFileType = sourcecode.swift; path = Snippet.swift; sourceTree = "<group>"; };
		06894EC7E08FEBCA25A47CF8 /* UDPService.swift */ = {isa = PBXFileReference; lastKnownFileType = sourcecode.swift; path = UDPService.swift; sourceTree = "<group>"; };
		2031FEBBB29CFD0A42AC6812 /* ChipTextView.swift */ = {isa = PBXFileReference; lastKnownFileType = sourcecode.swift; path = ChipTextView.swift; sourceTree = "<group>"; };
		363D6A8D377516D1EA540A63 /* Localization.swift */ = {isa = PBXFileReference; lastKnownFileType = sourcecode.swift; path = Localization.swift; sourceTree = "<group>"; };
		517516272E856DC7FCF59CE0 /* Assets.xcassets */ = {isa = PBXFileReference; lastKnownFileType = folder.assetcatalog; path = Assets.xcassets; sourceTree = "<group>"; };
		51D03F5A9FB0CCA59ED602B0 /* BincodeEncoder.swift */ = {isa = PBXFileReference; lastKnownFileType = sourcecode.swift; path = BincodeEncoder.swift; sourceTree = "<group>"; };
		59D8990B04A2E9EED845B810 /* AppState.swift */ = {isa = PBXFileReference; lastKnownFileType = sourcecode.swift; path = AppState.swift; sourceTree = "<group>"; };
		629460C28D0C6229AD9B8A77 /* SettingsView.swift */ = {isa = PBXFileReference; lastKnownFileType = sourcecode.swift; path = SettingsView.swift; sourceTree = "<group>"; };
		668598E9B18994417A046921 /* NetworkUtils.swift */ = {isa = PBXFileReference; lastKnownFileType = sourcecode.swift; path = NetworkUtils.swift; sourceTree = "<group>"; };
		76E43246E23354823F9A1669 /* Info.plist */ = {isa = PBXFileReference; lastKnownFileType = text.plist; path = Info.plist; sourceTree = "<group>"; };
		77691663B72CCA976D9F6895 /* PacketBuilder.swift */ = {isa = PBXFileReference; lastKnownFileType = sourcecode.swift; path = PacketBuilder.swift; sourceTree = "<group>"; };
		8205B48F70FBA33D5B866E0A /* DeviceListView.swift */ = {isa = PBXFileReference; lastKnownFileType = sourcecode.swift; path = DeviceListView.swift; sourceTree = "<group>"; };
		841F29D2418FF05C165F9C14 /* Payloads.swift */ = {isa = PBXFileReference; lastKnownFileType = sourcecode.swift; path = Payloads.swift; sourceTree = "<group>"; };
		8842C5B01B92E82070AEE15B /* DeviceInfo.swift */ = {isa = PBXFileReference; lastKnownFileType = sourcecode.swift; path = DeviceInfo.swift; sourceTree = "<group>"; };
		8BF2C23968B1B152AAB074A4 /* PacketHeader.swift */ = {isa = PBXFileReference; lastKnownFileType = sourcecode.swift; path = PacketHeader.swift; sourceTree = "<group>"; };
		8EB3D4A7C4077A8766CFCF80 /* ChatMessage.swift */ = {isa = PBXFileReference; lastKnownFileType = sourcecode.swift; path = ChatMessage.swift; sourceTree = "<group>"; };
		9A176B3629FC1C230EE12742 /* Database.swift */ = {isa = PBXFileReference; lastKnownFileType = sourcecode.swift; path = Database.swift; sourceTree = "<group>"; };
		9A1D41E2395B95594D60771E /* Theme.swift */ = {isa = PBXFileReference; lastKnownFileType = sourcecode.swift; path = Theme.swift; sourceTree = "<group>"; };
		A0A5B2159AAEE1D05B7EB57F /* Peacock.entitlements */ = {isa = PBXFileReference; lastKnownFileType = text.plist.entitlements; path = Peacock.entitlements; sourceTree = "<group>"; };
		A71673C4C412926549BB965C /* FileTransferManager.swift */ = {isa = PBXFileReference; lastKnownFileType = sourcecode.swift; path = FileTransferManager.swift; sourceTree = "<group>"; };
		B34A8A28589CB6F7374CECEE /* PacketType.swift */ = {isa = PBXFileReference; lastKnownFileType = sourcecode.swift; path = PacketType.swift; sourceTree = "<group>"; };
		B9107A2B1885B865F1B3EE7C /* ChatBubbleView.swift */ = {isa = PBXFileReference; lastKnownFileType = sourcecode.swift; path = ChatBubbleView.swift; sourceTree = "<group>"; };
		C3A886D7E15CE345B29F5C88 /* SnippetListView.swift */ = {isa = PBXFileReference; lastKnownFileType = sourcecode.swift; path = SnippetListView.swift; sourceTree = "<group>"; };
		C8932115DF64D2A68E0D54C6 /* SnippetEditorView.swift */ = {isa = PBXFileReference; lastKnownFileType = sourcecode.swift; path = SnippetEditorView.swift; sourceTree = "<group>"; };
		CC6E92B7B1A889CE53155BBF /* Peacock.app */ = {isa = PBXFileReference; explicitFileType = wrapper.application; includeInIndex = 0; path = Peacock.app; sourceTree = BUILT_PRODUCTS_DIR; };
		E36AA793F17CD2A359625588 /* DiscoveryManager.swift */ = {isa = PBXFileReference; lastKnownFileType = sourcecode.swift; path = DiscoveryManager.swift; sourceTree = "<group>"; };
		E386C08E27597D2BB22F77EF /* TransferTask.swift */ = {isa = PBXFileReference; lastKnownFileType = sourcecode.swift; path = TransferTask.swift; sourceTree = "<group>"; };
		EA8503BD2DABBAA099A02344 /* Peacock.app */ = {isa = PBXFileReference; explicitFileType = wrapper.application; includeInIndex = 0; path = Peacock.app; sourceTree = BUILT_PRODUCTS_DIR; };
		EB6B65A29CA352570041532C /* BincodeDecoder.swift */ = {isa = PBXFileReference; lastKnownFileType = sourcecode.swift; path = BincodeDecoder.swift; sourceTree = "<group>"; };
		F63300321FE50BF1056344CB /* ChatView.swift */ = {isa = PBXFileReference; lastKnownFileType = sourcecode.swift; path = ChatView.swift; sourceTree = "<group>"; };
		FD629BF5C2B18207B8AF07A9 /* PeacockApp.swift */ = {isa = PBXFileReference; lastKnownFileType = sourcecode.swift; path = PeacockApp.swift; sourceTree = "<group>"; };
/* End PBXFileReference section */

/* Begin PBXFrameworksBuildPhase section */
		0C36DB21B5010875F68F8341 /* Frameworks */ = {
			isa = PBXFrameworksBuildPhase;
			buildActionMask = 2147483647;
			files = (
				32F6D44E8415557AC3559DB6 /* GRDB in Frameworks */,
			);
			runOnlyForDeploymentPostprocessing = 0;
		};
		6F700AB8E31D9D5ABEDF3DCA /* Frameworks */ = {
			isa = PBXFrameworksBuildPhase;
			buildActionMask = 2147483647;
			files = (
				1A9678A45D5F765DC552547B /* GRDB in Frameworks */,
			);
			runOnlyForDeploymentPostprocessing = 0;
		};
/* End PBXFrameworksBuildPhase section */

/* Begin PBXGroup section */
		04D578F1103A1FDAC6419418 = {
			isa = PBXGroup;
			children = (
				9F2475239D18575385A64862 /* Peacock */,
				D9ADFB85BFC3832291317E77 /* Products */,
			);
			sourceTree = "<group>";
		};
		1A84BFB8992B7055B9A25C9A /* Models */ = {
			isa = PBXGroup;
			children = (
				8EB3D4A7C4077A8766CFCF80 /* ChatMessage.swift */,
				8842C5B01B92E82070AEE15B /* DeviceInfo.swift */,
				0613A836D5234C166CEBDF75 /* Snippet.swift */,
				E386C08E27597D2BB22F77EF /* TransferTask.swift */,
			);
			path = Models;
			sourceTree = "<group>";
		};
		2511DEEA04AA88C8C9A58EFF /* Network */ = {
			isa = PBXGroup;
			children = (
				E36AA793F17CD2A359625588 /* DiscoveryManager.swift */,
				A71673C4C412926549BB965C /* FileTransferManager.swift */,
				668598E9B18994417A046921 /* NetworkUtils.swift */,
				06894EC7E08FEBCA25A47CF8 /* UDPService.swift */,
			);
			path = Network;
			sourceTree = "<group>";
		};
		2EA4484A90A9F0A9BA092CC7 /* App */ = {
			isa = PBXGroup;
			children = (
				59D8990B04A2E9EED845B810 /* AppState.swift */,
				363D6A8D377516D1EA540A63 /* Localization.swift */,
				FD629BF5C2B18207B8AF07A9 /* PeacockApp.swift */,
			);
			path = App;
			sourceTree = "<group>";
		};
		4E88F7F3EEC123A819000A21 /* Chat */ = {
			isa = PBXGroup;
			children = (
				B9107A2B1885B865F1B3EE7C /* ChatBubbleView.swift */,
				F63300321FE50BF1056344CB /* ChatView.swift */,
			);
			path = Chat;
			sourceTree = "<group>";
		};
		53276D88D57E4454FF088078 /* Protocol */ = {
			isa = PBXGroup;
			children = (
				EB6B65A29CA352570041532C /* BincodeDecoder.swift */,
				51D03F5A9FB0CCA59ED602B0 /* BincodeEncoder.swift */,
				77691663B72CCA976D9F6895 /* PacketBuilder.swift */,
				8BF2C23968B1B152AAB074A4 /* PacketHeader.swift */,
				B34A8A28589CB6F7374CECEE /* PacketType.swift */,
				841F29D2418FF05C165F9C14 /* Payloads.swift */,
			);
			path = Protocol;
			sourceTree = "<group>";
		};
		5E9FE4EDB5BFF89424CE09B8 /* Storage */ = {
			isa = PBXGroup;
			children = (
				9A176B3629FC1C230EE12742 /* Database.swift */,
			);
			path = Storage;
			sourceTree = "<group>";
		};
		8B5F6F2D2DB4DA5A82588AC1 /* Snippet */ = {
			isa = PBXGroup;
			children = (
				2031FEBBB29CFD0A42AC6812 /* ChipTextView.swift */,
				C8932115DF64D2A68E0D54C6 /* SnippetEditorView.swift */,
				C3A886D7E15CE345B29F5C88 /* SnippetListView.swift */,
			);
			path = Snippet;
			sourceTree = "<group>";
		};
		94028075BF494B4268016284 /* Views */ = {
			isa = PBXGroup;
			children = (
				05883D4D3695ABFDE52C3720 /* ContentView.swift */,
				9A1D41E2395B95594D60771E /* Theme.swift */,
				4E88F7F3EEC123A819000A21 /* Chat */,
				B4DAC48F211604127A3F6074 /* Device */,
				AFAA1F6BD570600CEDCEC59E /* Settings */,
				8B5F6F2D2DB4DA5A82588AC1 /* Snippet */,
			);
			path = Views;
			sourceTree = "<group>";
		};
		9F2475239D18575385A64862 /* Peacock */ = {
			isa = PBXGroup;
			children = (
				517516272E856DC7FCF59CE0 /* Assets.xcassets */,
				76E43246E23354823F9A1669 /* Info.plist */,
				A0A5B2159AAEE1D05B7EB57F /* Peacock.entitlements */,
				2EA4484A90A9F0A9BA092CC7 /* App */,
				1A84BFB8992B7055B9A25C9A /* Models */,
				2511DEEA04AA88C8C9A58EFF /* Network */,
				53276D88D57E4454FF088078 /* Protocol */,
				C737436821AF46BBC521D901 /* Resources */,
				5E9FE4EDB5BFF89424CE09B8 /* Storage */,
				94028075BF494B4268016284 /* Views */,
			);
			path = Peacock;
			sourceTree = "<group>";
		};
		AFAA1F6BD570600CEDCEC59E /* Settings */ = {
			isa = PBXGroup;
			children = (
				629460C28D0C6229AD9B8A77 /* SettingsView.swift */,
			);
			path = Settings;
			sourceTree = "<group>";
		};
		B4DAC48F211604127A3F6074 /* Device */ = {
			isa = PBXGroup;
			children = (
				8205B48F70FBA33D5B866E0A /* DeviceListView.swift */,
			);
			path = Device;
			sourceTree = "<group>";
		};
		C737436821AF46BBC521D901 /* Resources */ = {
			isa = PBXGroup;
			children = (
			);
			path = Resources;
			sourceTree = "<group>";
		};
		D9ADFB85BFC3832291317E77 /* Products */ = {
			isa = PBXGroup;
			children = (
				EA8503BD2DABBAA099A02344 /* Peacock.app */,
				CC6E92B7B1A889CE53155BBF /* Peacock.app */,
			);
			name = Products;
			sourceTree = "<group>";
		};
/* End PBXGroup section */

/* Begin PBXNativeTarget section */
		B326F27A22CD350A157682CB /* Peacock_macOS */ = {
			isa = PBXNativeTarget;
			buildConfigurationList = F4401AAB8F936E95FD1E6F99 /* Build configuration list for PBXNativeTarget "Peacock_macOS" */;
			buildPhases = (
				A34D495F637A49DCC5A997B4 /* Sources */,
				4934518CECCD040D37A810C1 /* Resources */,
				6F700AB8E31D9D5ABEDF3DCA /* Frameworks */,
			);
			buildRules = (
			);
			dependencies = (
			);
			name = Peacock_macOS;
			packageProductDependencies = (
				A0A5D6AFD3758591D88D2645 /* GRDB */,
			);
			productName = Peacock_macOS;
			productReference = CC6E92B7B1A889CE53155BBF /* Peacock.app */;
			productType = "com.apple.product-type.application";
		};
		BC650CBF66137D0BDA534A4C /* Peacock_iOS */ = {
			isa = PBXNativeTarget;
			buildConfigurationList = 39A3E6AA6202263A9EA3752C /* Build configuration list for PBXNativeTarget "Peacock_iOS" */;
			buildPhases = (
				0B5EDD31F94927488CA9C4D4 /* Sources */,
				68DDCCCB85479F962F06CD4D /* Resources */,
				0C36DB21B5010875F68F8341 /* Frameworks */,
			);
			buildRules = (
			);
			dependencies = (
			);
			name = Peacock_iOS;
			packageProductDependencies = (
				ACEC37A04C85128CBDA8E52F /* GRDB */,
			);
			productName = Peacock_iOS;
			productReference = EA8503BD2DABBAA099A02344 /* Peacock.app */;
			productType = "com.apple.product-type.application";
		};
/* End PBXNativeTarget section */

/* Begin PBXProject section */
		5679486B2313AFB97D3D66BE /* Project object */ = {
			isa = PBXProject;
			attributes = {
				BuildIndependentTargetsInParallel = YES;
				LastUpgradeCheck = 1600;
				TargetAttributes = {
					B326F27A22CD350A157682CB = {
						DevelopmentTeam = G58K5HLBG5;
					};
				};
			};
			buildConfigurationList = 44496AEF2295FB22B6378452 /* Build configuration list for PBXProject "Peacock" */;
			developmentRegion = en;
			hasScannedForEncodings = 0;
			knownRegions = (
				Base,
				en,
			);
			mainGroup = 04D578F1103A1FDAC6419418;
			minimizedProjectReferenceProxies = 1;
			packageReferences = (
				CC32258A7943E658BEB7F320 /* XCRemoteSwiftPackageReference "GRDB" */,
			);
			preferredProjectObjectVersion = 77;
			productRefGroup = D9ADFB85BFC3832291317E77 /* Products */;
			projectDirPath = "";
			projectRoot = "";
			targets = (
				BC650CBF66137D0BDA534A4C /* Peacock_iOS */,
				B326F27A22CD350A157682CB /* Peacock_macOS */,
			);
		};
/* End PBXProject section */

/* Begin PBXResourcesBuildPhase section */
		4934518CECCD040D37A810C1 /* Resources */ = {
			isa = PBXResourcesBuildPhase;
			buildActionMask = 2147483647;
			files = (
				E62D8F4D512282F42907786C /* Assets.xcassets in Resources */,
			);
			runOnlyForDeploymentPostprocessing = 0;
		};
		68DDCCCB85479F962F06CD4D /* Resources */ = {
			isa = PBXResourcesBuildPhase;
			buildActionMask = 2147483647;
			files = (
				BB9D8E830F69A7E31D9C0236 /* Assets.xcassets in Resources */,
			);
			runOnlyForDeploymentPostprocessing = 0;
		};
/* End PBXResourcesBuildPhase section */

/* Begin PBXSourcesBuildPhase section */
		0B5EDD31F94927488CA9C4D4 /* Sources */ = {
			isa = PBXSourcesBuildPhase;
			buildActionMask = 2147483647;
			files = (
				8E1C7F6AAA347E762D2DBC36 /* AppState.swift in Sources */,
				87CF39AF106DC99AA7D15AD3 /* BincodeDecoder.swift in Sources */,
				9714878BC3819470A2824F44 /* BincodeEncoder.swift in Sources */,
				2AC646F9D6E462D6078AE87E /* ChatBubbleView.swift in Sources */,
				8E10A6A314AE9FF97D6EAF69 /* ChatMessage.swift in Sources */,
				8470D46CD7020ECF43056577 /* ChatView.swift in Sources */,
				B23E115E27A088A1FF179DC1 /* ChipTextView.swift in Sources */,
				8F049ABCD7837EE3CFA8F7FB /* ContentView.swift in Sources */,
				6B53A8F6C23ABB34D8E49B4B /* Database.swift in Sources */,
				72CACDC0F20FAA2CA73F058F /* DeviceInfo.swift in Sources */,
				33BD4F09791F78975A01D5EF /* DeviceListView.swift in Sources */,
				39409FDC66B26F87E9ACF544 /* DiscoveryManager.swift in Sources */,
				BF7B868FF9D63421B441AE7F /* FileTransferManager.swift in Sources */,
				2B133A1FC9B86685E1511266 /* Localization.swift in Sources */,
				EBA5882408AC08D7E3A9FB54 /* NetworkUtils.swift in Sources */,
				1DDB8261FF972349AC73A68E /* PacketBuilder.swift in Sources */,
				EBA6B20A76FE49111469D7A7 /* PacketHeader.swift in Sources */,
				F598777C98680CD91814993E /* PacketType.swift in Sources */,
				88B16A9BBC4E558F6F70B2A3 /* Payloads.swift in Sources */,
				3A32B4FA3F29073227F37B60 /* PeacockApp.swift in Sources */,
				975A84D5D3AC25BF44036936 /* SettingsView.swift in Sources */,
				545DC5108462B3425C820089 /* Snippet.swift in Sources */,
				3E2ABCC0F6355EB5C7922081 /* SnippetEditorView.swift in Sources */,
				442717C32C6416F06BD43446 /* SnippetListView.swift in Sources */,
				A9D444BE1A894A8CC1EEA845 /* Theme.swift in Sources */,
				B8C806006120B972E3ED856A /* TransferTask.swift in Sources */,
				BF7008510EB9245FA0F8BF1F /* UDPService.swift in Sources */,
			);
			runOnlyForDeploymentPostprocessing = 0;
		};
		A34D495F637A49DCC5A997B4 /* Sources */ = {
			isa = PBXSourcesBuildPhase;
			buildActionMask = 2147483647;
			files = (
				8E3EC4B6ED17894F196662F9 /* AppState.swift in Sources */,
				D7EB5EEE3C96AB6D240B075A /* BincodeDecoder.swift in Sources */,
				A50C9867B59468D6FDD906D0 /* BincodeEncoder.swift in Sources */,
				70EB3EC682DFC815B35CFFEF /* ChatBubbleView.swift in Sources */,
				B8F55CA00543EC8A280C7F84 /* ChatMessage.swift in Sources */,
				6574D2A964E4EED140B425D8 /* ChatView.swift in Sources */,
				D64A2B6D3003A09D4534874B /* ChipTextView.swift in Sources */,
				33D17135F06F0AE213622912 /* ContentView.swift in Sources */,
				AFB937272ABA55C620F1E1C5 /* Database.swift in Sources */,
				DED8C6385630A15B6538F42D /* DeviceInfo.swift in Sources */,
				0EB9A2E904991C2B0B8A494D /* DeviceListView.swift in Sources */,
				A7AC23AE637316108A336BAA /* DiscoveryManager.swift in Sources */,
				6F48834B032EB204307187CB /* FileTransferManager.swift in Sources */,
				DA2738EB9BD0A780592FE7AE /* Localization.swift in Sources */,
				187E9661080DC03ED9C3A79E /* NetworkUtils.swift in Sources */,
				8559587E45AA946D6FE4E51A /* PacketBuilder.swift in Sources */,
				3F97B7F7F638CE19A6CFF81D /* PacketHeader.swift in Sources */,
				77DA7019E56C0BE5F3817BC3 /* PacketType.swift in Sources */,
				48965255F192FB23D25C789E /* Payloads.swift in Sources */,
				9AB224AF0DEBD182130CE58D /* PeacockApp.swift in Sources */,
				0A3423E9F827358B336CC83C /* SettingsView.swift in Sources */,
				64396859B593BC45145BF05A /* Snippet.swift in Sources */,
				5EC3E4D201871DE46FAC53F4 /* SnippetEditorView.swift in Sources */,
				EA12B394112785D2B1E68B6C /* SnippetListView.swift in Sources */,
				94F5EDA8C6D508A85D3478A9 /* Theme.swift in Sources */,
				E0A63DAD36794CABBBDA48D4 /* TransferTask.swift in Sources */,
				1661B437AAF84FFEF50D0F0F /* UDPService.swift in Sources */,
			);
			runOnlyForDeploymentPostprocessing = 0;
		};
/* End PBXSourcesBuildPhase section */

/* Begin XCBuildConfiguration section */
		1B7A285950AA57276BAC1CDD /* Debug */ = {
			isa = XCBuildConfiguration;
			buildSettings = {
				ASSETCATALOG_COMPILER_APPICON_NAME = AppIcon;
				CODE_SIGN_ENTITLEMENTS = Peacock/Peacock.entitlements;
				CODE_SIGN_IDENTITY = "-";
				COMBINE_HIDPI_IMAGES = YES;
				CURRENT_PROJECT_VERSION = 1;
				DEVELOPMENT_TEAM = G58K5HLBG5;
				ENABLE_USER_SCRIPT_SANDBOXING = NO;
				INFOPLIST_FILE = Peacock/Info.plist;
				LD_RUNPATH_SEARCH_PATHS = (
					"$(inherited)",
					"@executable_path/../Frameworks",
				);
				MARKETING_VERSION = 1.0.0;
				PRODUCT_BUNDLE_IDENTIFIER = com.peacock.app;
				PRODUCT_NAME = Peacock;
				SDKROOT = macosx;
				SWIFT_VERSION = 6.0;
			};
			name = Debug;
		};
		261BD217F9E97D02929A5B10 /* Debug */ = {
			isa = XCBuildConfiguration;
			buildSettings = {
				ASSETCATALOG_COMPILER_APPICON_NAME = AppIcon;
				CODE_SIGN_ENTITLEMENTS = Peacock/Peacock.entitlements;
				CODE_SIGN_IDENTITY = "Apple Development";
				CODE_SIGN_STYLE = Automatic;
				CURRENT_PROJECT_VERSION = 1;
				DEVELOPMENT_TEAM = G58K5HLBG5;
				ENABLE_USER_SCRIPT_SANDBOXING = NO;
				INFOPLIST_FILE = Peacock/Info.plist;
				LD_RUNPATH_SEARCH_PATHS = (
					"$(inherited)",
					"@executable_path/Frameworks",
				);
				MARKETING_VERSION = 1.0.0;
				PRODUCT_BUNDLE_IDENTIFIER = com.peacock.app;
				PRODUCT_NAME = Peacock;
				PROVISIONING_PROFILE_SPECIFIER = "";
				SDKROOT = iphoneos;
				SWIFT_VERSION = 6.0;
				TARGETED_DEVICE_FAMILY = "1,2";
			};
			name = Debug;
		};
		51DB2873DB9CF5000845B111 /* Release */ = {
			isa = XCBuildConfiguration;
			buildSettings = {
				ALWAYS_SEARCH_USER_PATHS = NO;
				CLANG_ANALYZER_NONNULL = YES;
				CLANG_ANALYZER_NUMBER_OBJECT_CONVERSION = YES_AGGRESSIVE;
				CLANG_CXX_LANGUAGE_STANDARD = "gnu++14";
				CLANG_CXX_LIBRARY = "libc++";
				CLANG_ENABLE_MODULES = YES;
				CLANG_ENABLE_OBJC_ARC = YES;
				CLANG_ENABLE_OBJC_WEAK = YES;
				CLANG_WARN_BLOCK_CAPTURE_AUTORELEASING = YES;
				CLANG_WARN_BOOL_CONVERSION = YES;
				CLANG_WARN_COMMA = YES;
				CLANG_WARN_CONSTANT_CONVERSION = YES;
				CLANG_WARN_DEPRECATED_OBJC_IMPLEMENTATIONS = YES;
				CLANG_WARN_DIRECT_OBJC_ISA_USAGE = YES_ERROR;
				CLANG_WARN_DOCUMENTATION_COMMENTS = YES;
				CLANG_WARN_EMPTY_BODY = YES;
				CLANG_WARN_ENUM_CONVERSION = YES;
				CLANG_WARN_INFINITE_RECURSION = YES;
				CLANG_WARN_INT_CONVERSION = YES;
				CLANG_WARN_NON_LITERAL_NULL_CONVERSION = YES;
				CLANG_WARN_OBJC_IMPLICIT_RETAIN_SELF = YES;
				CLANG_WARN_OBJC_LITERAL_CONVERSION = YES;
				CLANG_WARN_OBJC_ROOT_CLASS = YES_ERROR;
				CLANG_WARN_QUOTED_INCLUDE_IN_FRAMEWORK_HEADER = YES;
				CLANG_WARN_RANGE_LOOP_ANALYSIS = YES;
				CLANG_WARN_STRICT_PROTOTYPES = YES;
				CLANG_WARN_SUSPICIOUS_MOVE = YES;
				CLANG_WARN_UNGUARDED_AVAILABILITY = YES_AGGRESSIVE;
				CLANG_WARN_UNREACHABLE_CODE = YES;
				CLANG_WARN__DUPLICATE_METHOD_MATCH = YES;
				COPY_PHASE_STRIP = NO;
				DEBUG_INFORMATION_FORMAT = "dwarf-with-dsym";
				ENABLE_NS_ASSERTIONS = NO;
				ENABLE_STRICT_OBJC_MSGSEND = YES;
				GCC_C_LANGUAGE_STANDARD = gnu11;
				GCC_NO_COMMON_BLOCKS = YES;
				GCC_WARN_64_TO_32_BIT_CONVERSION = YES;
				GCC_WARN_ABOUT_RETURN_TYPE = YES_ERROR;
				GCC_WARN_UNDECLARED_SELECTOR = YES;
				GCC_WARN_UNINITIALIZED_AUTOS = YES_AGGRESSIVE;
				GCC_WARN_UNUSED_FUNCTION = YES;
				GCC_WARN_UNUSED_VARIABLE = YES;
				IPHONEOS_DEPLOYMENT_TARGET = 16.0;
				MACOSX_DEPLOYMENT_TARGET = 13.0;
				MTL_ENABLE_DEBUG_INFO = NO;
				MTL_FAST_MATH = YES;
				PRODUCT_NAME = "$(TARGET_NAME)";
				SWIFT_COMPILATION_MODE = wholemodule;
				SWIFT_OPTIMIZATION_LEVEL = "-O";
				SWIFT_VERSION = 5.0;
			};
			name = Release;
		};
		6B3C7498CF9790EB48D47DBB /* Debug */ = {
			isa = XCBuildConfiguration;
			buildSettings = {
				ALWAYS_SEARCH_USER_PATHS = NO;
				CLANG_ANALYZER_NONNULL = YES;
				CLANG_ANALYZER_NUMBER_OBJECT_CONVERSION = YES_AGGRESSIVE;
				CLANG_CXX_LANGUAGE_STANDARD = "gnu++14";
				CLANG_CXX_LIBRARY = "libc++";
				CLANG_ENABLE_MODULES = YES;
				CLANG_ENABLE_OBJC_ARC = YES;
				CLANG_ENABLE_OBJC_WEAK = YES;
				CLANG_WARN_BLOCK_CAPTURE_AUTORELEASING = YES;
				CLANG_WARN_BOOL_CONVERSION = YES;
				CLANG_WARN_COMMA = YES;
				CLANG_WARN_CONSTANT_CONVERSION = YES;
				CLANG_WARN_DEPRECATED_OBJC_IMPLEMENTATIONS = YES;
				CLANG_WARN_DIRECT_OBJC_ISA_USAGE = YES_ERROR;
				CLANG_WARN_DOCUMENTATION_COMMENTS = YES;
				CLANG_WARN_EMPTY_BODY = YES;
				CLANG_WARN_ENUM_CONVERSION = YES;
				CLANG_WARN_INFINITE_RECURSION = YES;
				CLANG_WARN_INT_CONVERSION = YES;
				CLANG_WARN_NON_LITERAL_NULL_CONVERSION = YES;
				CLANG_WARN_OBJC_IMPLICIT_RETAIN_SELF = YES;
				CLANG_WARN_OBJC_LITERAL_CONVERSION = YES;
				CLANG_WARN_OBJC_ROOT_CLASS = YES_ERROR;
				CLANG_WARN_QUOTED_INCLUDE_IN_FRAMEWORK_HEADER = YES;
				CLANG_WARN_RANGE_LOOP_ANALYSIS = YES;
				CLANG_WARN_STRICT_PROTOTYPES = YES;
				CLANG_WARN_SUSPICIOUS_MOVE = YES;
				CLANG_WARN_UNGUARDED_AVAILABILITY = YES_AGGRESSIVE;
				CLANG_WARN_UNREACHABLE_CODE = YES;
				CLANG_WARN__DUPLICATE_METHOD_MATCH = YES;
				COPY_PHASE_STRIP = NO;
				DEBUG_INFORMATION_FORMAT = dwarf;
				ENABLE_STRICT_OBJC_MSGSEND = YES;
				ENABLE_TESTABILITY = YES;
				GCC_C_LANGUAGE_STANDARD = gnu11;
				GCC_DYNAMIC_NO_PIC = NO;
				GCC_NO_COMMON_BLOCKS = YES;
				GCC_OPTIMIZATION_LEVEL = 0;
				GCC_PREPROCESSOR_DEFINITIONS = (
					"$(inherited)",
					"DEBUG=1",
				);
				GCC_WARN_64_TO_32_BIT_CONVERSION = YES;
				GCC_WARN_ABOUT_RETURN_TYPE = YES_ERROR;
				GCC_WARN_UNDECLARED_SELECTOR = YES;
				GCC_WARN_UNINITIALIZED_AUTOS = YES_AGGRESSIVE;
				GCC_WARN_UNUSED_FUNCTION = YES;
				GCC_WARN_UNUSED_VARIABLE = YES;
				IPHONEOS_DEPLOYMENT_TARGET = 16.0;
				MACOSX_DEPLOYMENT_TARGET = 13.0;
				MTL_ENABLE_DEBUG_INFO = INCLUDE_SOURCE;
				MTL_FAST_MATH = YES;
				ONLY_ACTIVE_ARCH = YES;
				PRODUCT_NAME = "$(TARGET_NAME)";
				SWIFT_ACTIVE_COMPILATION_CONDITIONS = DEBUG;
				SWIFT_OPTIMIZATION_LEVEL = "-Onone";
				SWIFT_VERSION = 5.0;
			};
			name = Debug;
		};
		75A42B1252C88A3715890631 /* Release */ = {
			isa = XCBuildConfiguration;
			buildSettings = {
				ASSETCATALOG_COMPILER_APPICON_NAME = AppIcon;
				CODE_SIGN_ENTITLEMENTS = Peacock/Peacock.entitlements;
				CODE_SIGN_IDENTITY = "Apple Development";
				CURRENT_PROJECT_VERSION = 1;
				DEVELOPMENT_TEAM = G58K5HLBG5;
				ENABLE_USER_SCRIPT_SANDBOXING = NO;
				INFOPLIST_FILE = Peacock/Info.plist;
				LD_RUNPATH_SEARCH_PATHS = (
					"$(inherited)",
					"@executable_path/Frameworks",
				);
				MARKETING_VERSION = 1.0.0;
				PRODUCT_BUNDLE_IDENTIFIER = com.peacock.app;
				PRODUCT_NAME = Peacock;
				SDKROOT = iphoneos;
				SWIFT_VERSION = 6.0;
				TARGETED_DEVICE_FAMILY = "1,2";
			};
			name = Release;
		};
		9DD1761E4B0A8273D1050B00 /* Release */ = {
			isa = XCBuildConfiguration;
			buildSettings = {
				ASSETCATALOG_COMPILER_APPICON_NAME = AppIcon;
				CODE_SIGN_ENTITLEMENTS = Peacock/Peacock.entitlements;
				CODE_SIGN_IDENTITY = "Apple Development";
				COMBINE_HIDPI_IMAGES = YES;
				CURRENT_PROJECT_VERSION = 1;
				DEVELOPMENT_TEAM = G58K5HLBG5;
				ENABLE_USER_SCRIPT_SANDBOXING = NO;
				INFOPLIST_FILE = Peacock/Info.plist;
				LD_RUNPATH_SEARCH_PATHS = (
					"$(inherited)",
					"@executable_path/../Frameworks",
				);
				MARKETING_VERSION = 1.0.0;
				PRODUCT_BUNDLE_IDENTIFIER = com.peacock.app;
				PRODUCT_NAME = Peacock;
				SDKROOT = macosx;
				SWIFT_VERSION = 6.0;
			};
			name = Release;
		};
/* End XCBuildConfiguration section */

/* Begin XCConfigurationList section */
		39A3E6AA6202263A9EA3752C /* Build configuration list for PBXNativeTarget "Peacock_iOS" */ = {
			isa = XCConfigurationList;
			buildConfigurations = (
				261BD217F9E97D02929A5B10 /* Debug */,
				75A42B1252C88A3715890631 /* Release */,
			);
			defaultConfigurationIsVisible = 0;
			defaultConfigurationName = Debug;
		};
		44496AEF2295FB22B6378452 /* Build configuration list for PBXProject "Peacock" */ = {
			isa = XCConfigurationList;
			buildConfigurations = (
				6B3C7498CF9790EB48D47DBB /* Debug */,
				51DB2873DB9CF5000845B111 /* Release */,
			);
			defaultConfigurationIsVisible = 0;
			defaultConfigurationName = Debug;
		};
		F4401AAB8F936E95FD1E6F99 /* Build configuration list for PBXNativeTarget "Peacock_macOS" */ = {
			isa = XCConfigurationList;
			buildConfigurations = (
				1B7A285950AA57276BAC1CDD /* Debug */,
				9DD1761E4B0A8273D1050B00 /* Release */,
			);
			defaultConfigurationIsVisible = 0;
			defaultConfigurationName = Debug;
		};
/* End XCConfigurationList section */

/* Begin XCRemoteSwiftPackageReference section */
		CC32258A7943E658BEB7F320 /* XCRemoteSwiftPackageReference "GRDB" */ = {
			isa = XCRemoteSwiftPackageReference;
			repositoryURL = "https://github.com/groue/GRDB.swift";
			requirement = {
				kind = upToNextMajorVersion;
				minimumVersion = 7.0.0;
			};
		};
/* End XCRemoteSwiftPackageReference section */

/* Begin XCSwiftPackageProductDependency section */
		A0A5D6AFD3758591D88D2645 /* GRDB */ = {
			isa = XCSwiftPackageProductDependency;
			package = CC32258A7943E658BEB7F320 /* XCRemoteSwiftPackageReference "GRDB" */;
			productName = GRDB;
		};
		ACEC37A04C85128CBDA8E52F /* GRDB */ = {
			isa = XCSwiftPackageProductDependency;
			package = CC32258A7943E658BEB7F320 /* XCRemoteSwiftPackageReference "GRDB" */;
			productName = GRDB;
		};
/* End XCSwiftPackageProductDependency section */
	};
	rootObject = 5679486B2313AFB97D3D66BE /* Project object */;
}
